<?xml version="1.0" encoding="utf-8"?>
<Project ToolsVersion="4.0" xmlns="http://schemas.microsoft.com/developer/msbuild/2003">
  <ItemGroup>
    <Filter Include="Source Files">
      <UniqueIdentifier>{4FC737F1-C7A5-4376-A066-2A32D752A2FF}</UniqueIdentifier>
      <Extensions>cpp;c;cc;cxx;c++;cppm;ixx;def;odl;idl;hpj;bat;asm;asmx</Extensions>
    </Filter>
    <Filter Include="Header Files">
      <UniqueIdentifier>{93995380-89BD-4b04-88EB-625FBE52EBFB}</UniqueIdentifier>
      <Extensions>h;hh;hpp;hxx;h++;hm;inl;inc;ipp;xsd</Extensions>
    </Filter>
    <Filter Include="Resource Files">
      <UniqueIdentifier>{67DA6AB6-F800-4c08-8B7A-83BB121AAD01}</UniqueIdentifier>
      <Extensions>rc;ico;cur;bmp;dlg;rc2;rct;bin;rgs;gif;jpg;jpeg;jpe;resx;tiff;tif;png;wav;mfcribbon-ms</Extensions>
    </Filter>
  </ItemGroup>
  <ItemGroup>
    <ClCompile Include="RemoveElementEasy.cpp">
      <Filter>Source Files</Filter>
    </ClCompile>
    <ClCompile Include="RemoveDuplicateArray2.cpp">
      <Filter>Source Files</Filter>
    </ClCompile>
    <ClCompile Include="RotateArrayThreePositions.cpp">
      <Filter>Source Files</Filter>
    </ClCompile>
    <ClCompile Include="MaxProfit.cpp">
      <Filter>Source Files</Filter>
    </ClCompile>
    <ClCompile Include="JumpGame2.cpp">
      <Filter>Source Files</Filter>
    </ClCompile>
    <ClCompile Include="Hindex.cpp">
      <Filter>Source Files</Filter>
    </ClCompile>
    <ClCompile Include="GetRandom.cpp">
      <Filter>Source Files</Filter>
    </ClCompile>
    <ClCompile Include="ValidPolyndrom.cpp">
      <Filter>Source Files</Filter>
    </ClCompile>
    <ClCompile Include="ProductOfArrayExceptSelf.cpp">
      <Filter>Source Files</Filter>
    </ClCompile>
    <ClCompile Include="Roman.cpp">
      <Filter>Source Files</Filter>
    </ClCompile>
    <ClCompile Include="IntegerToRoman.cpp">
      <Filter>Source Files</Filter>
    </ClCompile>
    <ClCompile Include="LengthOfLastWord.cpp">
      <Filter>Source Files</Filter>
    </ClCompile>
    <ClCompile Include="LongestPrefix.cpp">
      <Filter>Source Files</Filter>
    </ClCompile>
    <ClCompile Include="ReverseWordsInString.cpp">
      <Filter>Source Files</Filter>
    </ClCompile>
    <ClCompile Include="Zigzag.cpp">
      <Filter>Source Files</Filter>
    </ClCompile>
    <ClCompile Include="TextJustification.cpp">
      <Filter>Source Files</Filter>
    </ClCompile>
    <ClCompile Include="Subsequence.cpp">
      <Filter>Source Files</Filter>
    </ClCompile>
    <ClCompile Include="TwoSum2.cpp">
      <Filter>Source Files</Filter>
    </ClCompile>
    <ClCompile Include="ContainerMostWater.cpp">
      <Filter>Source Files</Filter>
    </ClCompile>
    <ClCompile Include="ThreeSum.cpp">
      <Filter>Source Files</Filter>
    </ClCompile>
    <ClCompile Include="MinimumSubSubarraySum.cpp">
      <Filter>Source Files</Filter>
    </ClCompile>
    <ClCompile Include="LongestSubstringWORepeatChar.cpp">
      <Filter>Source Files</Filter>
    </ClCompile>
    <ClCompile Include="SubstringWithConcatAllWods.cpp">
      <Filter>Source Files</Filter>
    </ClCompile>
    <ClCompile Include="MinWindowSubstring.cpp">
      <Filter>Source Files</Filter>
    </ClCompile>
    <ClCompile Include="ValidSudoku.cpp">
      <Filter>Source Files</Filter>
    </ClCompile>
    <ClCompile Include="SpiralMatrix.cpp">
      <Filter>Source Files</Filter>
    </ClCompile>
    <ClCompile Include="RotateMatrix.cpp">
      <Filter>Source Files</Filter>
    </ClCompile>
    <ClCompile Include="SetMatrixZones.cpp">
      <Filter>Source Files</Filter>
    </ClCompile>
    <ClCompile Include="GameOfLife.cpp">
      <Filter>Source Files</Filter>
    </ClCompile>
    <ClCompile Include="IsomorphicString.cpp">
      <Filter>Source Files</Filter>
    </ClCompile>
    <ClCompile Include="WordPattern.cpp">
      <Filter>Source Files</Filter>
    </ClCompile>
    <ClCompile Include="ValidAnagram.cpp">
      <Filter>Source Files</Filter>
    </ClCompile>
    <ClCompile Include="GroupAnagram.cpp">
      <Filter>Source Files</Filter>
    </ClCompile>
    <ClCompile Include="TwoSum.cpp">
      <Filter>Source Files</Filter>
    </ClCompile>
    <ClCompile Include="HappyNumber.cpp">
      <Filter>Source Files</Filter>
    </ClCompile>
    <ClCompile Include="ContainsDup2.cpp">
      <Filter>Source Files</Filter>
    </ClCompile>
    <ClCompile Include="longconsecseq.cpp">
      <Filter>Source Files</Filter>
    </ClCompile>
    <ClCompile Include="SummaryRanges.cpp">
      <Filter>Source Files</Filter>
    </ClCompile>
    <ClCompile Include="MergeIntervals.cpp">
      <Filter>Source Files</Filter>
    </ClCompile>
    <ClCompile Include="InsertInterval.cpp">
      <Filter>Source Files</Filter>
    </ClCompile>
    <ClCompile Include="MinArrowsBurstBalloons.cpp">
      <Filter>Source Files</Filter>
    </ClCompile>
    <ClCompile Include="ValidParentheses.cpp">
      <Filter>Source Files</Filter>
    </ClCompile>
    <ClCompile Include="SimplifyPath.cpp">
      <Filter>Source Files</Filter>
    </ClCompile>
    <ClCompile Include="MinStack.cpp">
      <Filter>Source Files</Filter>
    </ClCompile>
    <ClCompile Include="EvaluateReversePolishNotation.cpp">
      <Filter>Source Files</Filter>
    </ClCompile>
    <ClCompile Include="BasicCalculator.cpp">
      <Filter>Source Files</Filter>
    </ClCompile>
    <ClCompile Include="LinkedListCycle.cpp">
      <Filter>Source Files</Filter>
    </ClCompile>
    <ClCompile Include="AddTwoNumbers.cpp">
      <Filter>Source Files</Filter>
    </ClCompile>
    <ClCompile Include="MergeTwoSortedLists.cpp">
      <Filter>Source Files</Filter>
    </ClCompile>
    <ClCompile Include="CopyListRandomPointer.cpp">
      <Filter>Source Files</Filter>
    </ClCompile>
    <ClCompile Include="ReveresedLinkedList2.cpp">
      <Filter>Source Files</Filter>
    </ClCompile>
    <ClCompile Include="ReverseNodesKGroup.cpp">
      <Filter>Source Files</Filter>
    </ClCompile>
    <ClCompile Include="RemoveNthNodeFromEndOfList.cpp">
      <Filter>Source Files</Filter>
    </ClCompile>
    <ClCompile Include="RemoveDuplicatesFromSortedList2.cpp">
      <Filter>Source Files</Filter>
    </ClCompile>
    <ClCompile Include="RotateList.cpp">
      <Filter>Source Files</Filter>
    </ClCompile>
    <ClCompile Include="PartitionList.cpp">
      <Filter>Source Files</Filter>
    </ClCompile>
    <ClCompile Include="LRUCache.cpp">
      <Filter>Source Files</Filter>
    </ClCompile>
    <ClCompile Include="MaxDepthBinaryTree.cpp">
      <Filter>Source Files</Filter>
    </ClCompile>
    <ClCompile Include="SameTree.cpp">
      <Filter>Source Files</Filter>
    </ClCompile>
    <ClCompile Include="InvertBinaryTree.cpp">
      <Filter>Source Files</Filter>
    </ClCompile>
    <ClCompile Include="SymmetricTree.cpp">
      <Filter>Source Files</Filter>
    </ClCompile>
    <ClCompile Include="BinaryTreePreorderInorderTraversal.cpp">
      <Filter>Source Files</Filter>
    </ClCompile>
    <ClCompile Include="BinaryTreeInorderPostorder.cpp">
      <Filter>Source Files</Filter>
    </ClCompile>
    <ClCompile Include="PopulatingNextRightPintersInEachNode2.cpp">
      <Filter>Source Files</Filter>
    </ClCompile>
    <ClCompile Include="FlattenBinaryTreeToLinkedList.cpp">
      <Filter>Source Files</Filter>
    </ClCompile>
    <ClCompile Include="PathSum.cpp">
      <Filter>Source Files</Filter>
    </ClCompile>
    <ClCompile Include="SumRootToLeafNumbers.cpp">
      <Filter>Source Files</Filter>
    </ClCompile>
    <ClCompile Include="CountCompleteTreeNodes.cpp">
      <Filter>Source Files</Filter>
    </ClCompile>
    <ClCompile Include="BinarySearchTreeIterator.cpp">
      <Filter>Source Files</Filter>
    </ClCompile>
    <ClCompile Include="LowestCommonAncestorOfBinaryTree.cpp">
      <Filter>Source Files</Filter>
    </ClCompile>
    <ClCompile Include="BinaryTreeMaximumPathSum.cpp">
      <Filter>Source Files</Filter>
    </ClCompile>
    <ClCompile Include="BinaryTreeRightSideView.cpp">
      <Filter>Source Files</Filter>
    </ClCompile>
    <ClCompile Include="AverageOfLevelsInBinaryTree.cpp">
      <Filter>Source Files</Filter>
    </ClCompile>
    <ClCompile Include="BinaryTreeLevelOrderTraversal.cpp">
      <Filter>Source Files</Filter>
    </ClCompile>
    <ClCompile Include="BinaryTreeZigzagLevelOrderTraversal.cpp">
      <Filter>Source Files</Filter>
    </ClCompile>
    <ClCompile Include="MinimumAbsoluteDIfferenceBST.cpp">
      <Filter>Source Files</Filter>
    </ClCompile>
    <ClCompile Include="KthSmallestElementInBST.cpp">
      <Filter>Source Files</Filter>
    </ClCompile>
    <ClCompile Include="ValidateBinarySearchTree.cpp">
      <Filter>Source Files</Filter>
    </ClCompile>
    <ClCompile Include="AddBinary.cpp">
      <Filter>Source Files</Filter>
    </ClCompile>
    <ClCompile Include="ReverseBits.cpp">
      <Filter>Source Files</Filter>
    </ClCompile>
    <ClCompile Include="NumberOf1BitsHammingWeight.cpp">
      <Filter>Source Files</Filter>
    </ClCompile>
    <ClCompile Include="SingleNumber.cpp">
      <Filter>Source Files</Filter>
    </ClCompile>
    <ClCompile Include="SingleNumber2.cpp">
      <Filter>Source Files</Filter>
    </ClCompile>
    <ClCompile Include="BitwiseAndNumbersRange.cpp">
      <Filter>Source Files</Filter>
    </ClCompile>
    <ClCompile Include="PalindromeNumber.cpp">
      <Filter>Source Files</Filter>
    </ClCompile>
    <ClCompile Include="PlusOne.cpp">
      <Filter>Source Files</Filter>
    </ClCompile>
    <ClCompile Include="FactorialTrailingZeros.cpp">
      <Filter>Source Files</Filter>
    </ClCompile>
    <ClCompile Include="sqrt.cpp">
      <Filter>Source Files</Filter>
    </ClCompile>
    <ClCompile Include="pow.cpp">
      <Filter>Source Files</Filter>
    </ClCompile>
    <ClCompile Include="MaxPointsOnLine.cpp">
      <Filter>Source Files</Filter>
    </ClCompile>
    <ClCompile Include="ClimbingStairs.cpp">
      <Filter>Source Files</Filter>
    </ClCompile>
    <ClCompile Include="HouseRobber.cpp">
      <Filter>Source Files</Filter>
    </ClCompile>
    <ClCompile Include="WorldBreak.cpp">
      <Filter>Source Files</Filter>
    </ClCompile>
    <ClCompile Include="CoinsChange.cpp">
      <Filter>Source Files</Filter>
    </ClCompile>
    <ClCompile Include="LongestIncreasingSubsequence.cpp">
      <Filter>Source Files</Filter>
    </ClCompile>
  </ItemGroup>
</Project>